
Microsoft Visual Studio Solution File, Format Version 12.00
# Visual Studio 15
VisualStudioVersion = 15.0.28307.168
MinimumVisualStudioVersion = 10.0.40219.1
Project("{FAE04EC0-301F-11D3-BF4B-00C04F79EFBC}") = "LogApp", "LogApp\LogApp.csproj", "{D40515AD-3A0E-45E9-B988-190AF7469849}"
EndProject
Global
	GlobalSection(SolutionConfigurationPlatforms) = preSolution
		Debug|Any CPU = Debug|Any CPU
		Release|Any CPU = Release|Any CPU
	EndGlobalSection
	GlobalSection(ProjectConfigurationPlatforms) = postSolution
		{D40515AD-3A0E-45E9-B988-190AF7469849}.Debug|Any CPU.ActiveCfg = Debug|Any CPU
		{D40515AD-3A0E-45E9-B988-190AF7469849}.Debug|Any CPU.Build.0 = Debug|Any CPU
		{D40515AD-3A0E-45E9-B988-190AF7469849}.Release|Any CPU.ActiveCfg = Release|Any CPU
		{D40515AD-3A0E-45E9-B988-190AF7469849}.Release|Any CPU.Build.0 = Release|Any CPU
	EndGlobalSection
	GlobalSection(SolutionProperties) = preSolution
		HideSolutionNode = FALSE
	EndGlobalSection
	GlobalSection(ExtensibilityGlobals) = postSolution
		SolutionGuid = {DA7F1C5F-9265-4A75-9AD4-546E98D134FE}
	EndGlobalSection
EndGlobal
